# THIS IS AN AUTOGENERATED FILE. DO NOT EDIT THIS FILE DIRECTLY.
# yarn lockfile v1


"@types/lodash@^4.14.151":
  version "4.14.151"
  resolved "https://registry.yarnpkg.com/@types/lodash/-/lodash-4.14.151.tgz#7d58cac32bedb0ec37cb7f99094a167d6176c9d5"
  integrity sha512-Zst90IcBX5wnwSu7CAS0vvJkTjTELY4ssKbHiTnGcJgi170uiS8yQDdc3v6S77bRqYQIN1App5a1Pc2lceE5/g==

lodash@^4.17.19:
  version "4.17.19"
  resolved "https://registry.yarnpkg.com/lodash/-/lodash-4.17.19.tgz#e48ddedbe30b3321783c5b4301fbd353bc1e4a4b"
  integrity sha512-JNvd8XER9GQX0v2qJgsaN/mzFCNA5BRe/j8JN9d+tWyGLSodKQHKFicdwNYzWwI3wjRnaKPsGj1XkBjx/F96DQ==

typescript@^4.0.0-dev.20200518:
  version "4.0.0-dev.20200518"
  resolved "https://registry.yarnpkg.com/typescript/-/typescript-4.0.0-dev.20200518.tgz#5f15bc6e0e454dddac1b1dd7da39d9a0969f1b80"
  integrity sha512-kTIqUu1qpgGrP4NC1uQJRc9s766y8CkRpdYPq3prnz7AOy0uvmkLT7bxS8oxkDNfUcJDDwFh/mGa9qrJRWrspQ==
